
Microsoft Visual Studio Solution File, Format Version 12.00
# Visual Studio Version 17
VisualStudioVersion = 17.0.31903.59
MinimumVisualStudioVersion = 10.0.40219.1
Project("{2150E333-8FDC-42A3-9474-1A3956D46DE8}") = "Backend", "Backend", "{45800536-959F-4625-9BA9-DF47E786C3AF}"
EndProject
Project("{2150E333-8FDC-42A3-9474-1A3956D46DE8}") = "Mobile", "Mobile", "{85FF1CCB-C501-4177-A0C6-D5757D794846}"
EndProject
Project("{2150E333-8FDC-42A3-9474-1A3956D46DE8}") = "Core", "Core", "{9DA6D31D-3171-4772-B751-1A2063B864FF}"
EndProject
Project("{2150E333-8FDC-42A3-9474-1A3956D46DE8}") = "Infrastructure", "Infrastructure", "{CC688592-409C-49FA-A91D-C4C761F55CF7}"
EndProject
Project("{2150E333-8FDC-42A3-9474-1A3956D46DE8}") = "Web", "Web", "{67B64191-72AE-43D6-85F6-234C4EE322E3}"
EndProject
Project("{FAE04EC0-301F-11D3-BF4B-00C04F79EFBC}") = "Domain", "Backend\Src\Domain\Domain.csproj", "{ADAF8F42-AE30-4EC7-B296-0187ED1F7C25}"
EndProject
Project("{FAE04EC0-301F-11D3-BF4B-00C04F79EFBC}") = "Application", "Backend\Src\Application\Application.csproj", "{A8CD8D49-D900-46C2-8AB8-18E24E1827E6}"
EndProject
Project("{FAE04EC0-301F-11D3-BF4B-00C04F79EFBC}") = "Infrastructure", "Backend\Src\Infrastructure\Infrastructure.csproj", "{80A0F949-B184-48E7-823D-BD59D3E00C02}"
EndProject
Project("{2150E333-8FDC-42A3-9474-1A3956D46DE8}") = "Client", "Client", "{A93BB3F6-FFCA-4AFB-803F-8BD527ABCD83}"
EndProject
Project("{FAE04EC0-301F-11D3-BF4B-00C04F79EFBC}") = "Server", "Backend\Src\Server\Server.csproj", "{2125F068-F6AB-458E-AD7F-D9CAC36B72C7}"
EndProject
Project("{FAE04EC0-301F-11D3-BF4B-00C04F79EFBC}") = "Client", "Mobile\Src\Client\Client.csproj", "{72C783F2-AA8F-4BC7-B5CC-88AAC0E8703C}"
EndProject
Project("{2150E333-8FDC-42A3-9474-1A3956D46DE8}") = "Shared", "Shared", "{E8D075B0-F82F-4C43-AF0D-418046B52815}"
EndProject
Project("{FAE04EC0-301F-11D3-BF4B-00C04F79EFBC}") = "Shared", "Shared\Src\Shared.csproj", "{BBD6AC2D-2F3F-45A5-98E8-0AC09636BA2E}"
EndProject
Project("{FAE04EC0-301F-11D3-BF4B-00C04F79EFBC}") = "Client.Infrastructure", "Mobile\Src\Client.Infrastructure\Client.Infrastructure.csproj", "{429EB38B-3F5C-4BD6-872C-9D5AE67C3D0D}"
EndProject
Global
	GlobalSection(SolutionConfigurationPlatforms) = preSolution
		Debug|Any CPU = Debug|Any CPU
		Release|Any CPU = Release|Any CPU
	EndGlobalSection
	GlobalSection(ProjectConfigurationPlatforms) = postSolution
		{ADAF8F42-AE30-4EC7-B296-0187ED1F7C25}.Debug|Any CPU.ActiveCfg = Debug|Any CPU
		{ADAF8F42-AE30-4EC7-B296-0187ED1F7C25}.Debug|Any CPU.Build.0 = Debug|Any CPU
		{ADAF8F42-AE30-4EC7-B296-0187ED1F7C25}.Release|Any CPU.ActiveCfg = Release|Any CPU
		{ADAF8F42-AE30-4EC7-B296-0187ED1F7C25}.Release|Any CPU.Build.0 = Release|Any CPU
		{A8CD8D49-D900-46C2-8AB8-18E24E1827E6}.Debug|Any CPU.ActiveCfg = Debug|Any CPU
		{A8CD8D49-D900-46C2-8AB8-18E24E1827E6}.Debug|Any CPU.Build.0 = Debug|Any CPU
		{A8CD8D49-D900-46C2-8AB8-18E24E1827E6}.Release|Any CPU.ActiveCfg = Release|Any CPU
		{A8CD8D49-D900-46C2-8AB8-18E24E1827E6}.Release|Any CPU.Build.0 = Release|Any CPU
		{80A0F949-B184-48E7-823D-BD59D3E00C02}.Debug|Any CPU.ActiveCfg = Debug|Any CPU
		{80A0F949-B184-48E7-823D-BD59D3E00C02}.Debug|Any CPU.Build.0 = Debug|Any CPU
		{80A0F949-B184-48E7-823D-BD59D3E00C02}.Release|Any CPU.ActiveCfg = Release|Any CPU
		{80A0F949-B184-48E7-823D-BD59D3E00C02}.Release|Any CPU.Build.0 = Release|Any CPU
		{2125F068-F6AB-458E-AD7F-D9CAC36B72C7}.Debug|Any CPU.ActiveCfg = Debug|Any CPU
		{2125F068-F6AB-458E-AD7F-D9CAC36B72C7}.Debug|Any CPU.Build.0 = Debug|Any CPU
		{2125F068-F6AB-458E-AD7F-D9CAC36B72C7}.Release|Any CPU.ActiveCfg = Release|Any CPU
		{2125F068-F6AB-458E-AD7F-D9CAC36B72C7}.Release|Any CPU.Build.0 = Release|Any CPU
		{72C783F2-AA8F-4BC7-B5CC-88AAC0E8703C}.Debug|Any CPU.ActiveCfg = Debug|Any CPU
		{72C783F2-AA8F-4BC7-B5CC-88AAC0E8703C}.Debug|Any CPU.Build.0 = Debug|Any CPU
		{72C783F2-AA8F-4BC7-B5CC-88AAC0E8703C}.Release|Any CPU.ActiveCfg = Release|Any CPU
		{72C783F2-AA8F-4BC7-B5CC-88AAC0E8703C}.Release|Any CPU.Build.0 = Release|Any CPU
		{BBD6AC2D-2F3F-45A5-98E8-0AC09636BA2E}.Debug|Any CPU.ActiveCfg = Debug|Any CPU
		{BBD6AC2D-2F3F-45A5-98E8-0AC09636BA2E}.Debug|Any CPU.Build.0 = Debug|Any CPU
		{BBD6AC2D-2F3F-45A5-98E8-0AC09636BA2E}.Release|Any CPU.ActiveCfg = Release|Any CPU
		{BBD6AC2D-2F3F-45A5-98E8-0AC09636BA2E}.Release|Any CPU.Build.0 = Release|Any CPU
		{429EB38B-3F5C-4BD6-872C-9D5AE67C3D0D}.Debug|Any CPU.ActiveCfg = Debug|Any CPU
		{429EB38B-3F5C-4BD6-872C-9D5AE67C3D0D}.Debug|Any CPU.Build.0 = Debug|Any CPU
		{429EB38B-3F5C-4BD6-872C-9D5AE67C3D0D}.Release|Any CPU.ActiveCfg = Release|Any CPU
		{429EB38B-3F5C-4BD6-872C-9D5AE67C3D0D}.Release|Any CPU.Build.0 = Release|Any CPU
	EndGlobalSection
	GlobalSection(SolutionProperties) = preSolution
		HideSolutionNode = FALSE
	EndGlobalSection
	GlobalSection(NestedProjects) = preSolution
		{9DA6D31D-3171-4772-B751-1A2063B864FF} = {45800536-959F-4625-9BA9-DF47E786C3AF}
		{CC688592-409C-49FA-A91D-C4C761F55CF7} = {45800536-959F-4625-9BA9-DF47E786C3AF}
		{67B64191-72AE-43D6-85F6-234C4EE322E3} = {45800536-959F-4625-9BA9-DF47E786C3AF}
		{ADAF8F42-AE30-4EC7-B296-0187ED1F7C25} = {9DA6D31D-3171-4772-B751-1A2063B864FF}
		{A8CD8D49-D900-46C2-8AB8-18E24E1827E6} = {9DA6D31D-3171-4772-B751-1A2063B864FF}
		{80A0F949-B184-48E7-823D-BD59D3E00C02} = {CC688592-409C-49FA-A91D-C4C761F55CF7}
		{A93BB3F6-FFCA-4AFB-803F-8BD527ABCD83} = {85FF1CCB-C501-4177-A0C6-D5757D794846}
		{2125F068-F6AB-458E-AD7F-D9CAC36B72C7} = {67B64191-72AE-43D6-85F6-234C4EE322E3}
		{72C783F2-AA8F-4BC7-B5CC-88AAC0E8703C} = {A93BB3F6-FFCA-4AFB-803F-8BD527ABCD83}
		{BBD6AC2D-2F3F-45A5-98E8-0AC09636BA2E} = {E8D075B0-F82F-4C43-AF0D-418046B52815}
		{429EB38B-3F5C-4BD6-872C-9D5AE67C3D0D} = {A93BB3F6-FFCA-4AFB-803F-8BD527ABCD83}
	EndGlobalSection
EndGlobal
